
Microsoft Visual Studio Solution File, Format Version 12.00
# Visual Studio 15
VisualStudioVersion = 15.0.28307.421
MinimumVisualStudioVersion = 10.0.40219.1
Project("{9A19103F-16F7-4668-BE54-9A1E7A4F7556}") = "Standard2", "Standard2\Standard2.csproj", "{C4C540DF-7B3F-499D-A86C-1C96417E5F09}"
EndProject
Project("{FAE04EC0-301F-11D3-BF4B-00C04F79EFBC}") = "Framework452", "Framework452\Framework452.csproj", "{16E33AA2-E41D-4AD3-9473-9458146AAE4C}"
EndProject
Project("{FAE04EC0-301F-11D3-BF4B-00C04F79EFBC}") = "Core20", "Core20\Core20.csproj", "{88E30FD8-59B5-4E57-9DE2-677F561B29B9}"
EndProject
Project("{FAE04EC0-301F-11D3-BF4B-00C04F79EFBC}") = "XamarinAndroid71", "XamarinAndroid71\XamarinAndroid71.csproj", "{D1CF34F1-A477-49E2-9BA2-1D52048613E3}"
EndProject
Global
	GlobalSection(SolutionConfigurationPlatforms) = preSolution
		Debug|Any CPU = Debug|Any CPU
		Release|Any CPU = Release|Any CPU
	EndGlobalSection
	GlobalSection(ProjectConfigurationPlatforms) = postSolution
		{C4C540DF-7B3F-499D-A86C-1C96417E5F09}.Debug|Any CPU.ActiveCfg = Debug|Any CPU
		{C4C540DF-7B3F-499D-A86C-1C96417E5F09}.Debug|Any CPU.Build.0 = Debug|Any CPU
		{C4C540DF-7B3F-499D-A86C-1C96417E5F09}.Release|Any CPU.ActiveCfg = Release|Any CPU
		{C4C540DF-7B3F-499D-A86C-1C96417E5F09}.Release|Any CPU.Build.0 = Release|Any CPU
		{16E33AA2-E41D-4AD3-9473-9458146AAE4C}.Debug|Any CPU.ActiveCfg = Debug|Any CPU
		{16E33AA2-E41D-4AD3-9473-9458146AAE4C}.Debug|Any CPU.Build.0 = Debug|Any CPU
		{16E33AA2-E41D-4AD3-9473-9458146AAE4C}.Release|Any CPU.ActiveCfg = Release|Any CPU
		{16E33AA2-E41D-4AD3-9473-9458146AAE4C}.Release|Any CPU.Build.0 = Release|Any CPU
		{88E30FD8-59B5-4E57-9DE2-677F561B29B9}.Debug|Any CPU.ActiveCfg = Debug|Any CPU
		{88E30FD8-59B5-4E57-9DE2-677F561B29B9}.Debug|Any CPU.Build.0 = Debug|Any CPU
		{88E30FD8-59B5-4E57-9DE2-677F561B29B9}.Release|Any CPU.ActiveCfg = Release|Any CPU
		{88E30FD8-59B5-4E57-9DE2-677F561B29B9}.Release|Any CPU.Build.0 = Release|Any CPU
		{D1CF34F1-A477-49E2-9BA2-1D52048613E3}.Debug|Any CPU.ActiveCfg = Debug|Any CPU
		{D1CF34F1-A477-49E2-9BA2-1D52048613E3}.Debug|Any CPU.Build.0 = Debug|Any CPU
		{D1CF34F1-A477-49E2-9BA2-1D52048613E3}.Release|Any CPU.ActiveCfg = Release|Any CPU
		{D1CF34F1-A477-49E2-9BA2-1D52048613E3}.Release|Any CPU.Build.0 = Release|Any CPU
	EndGlobalSection
	GlobalSection(SolutionProperties) = preSolution
		HideSolutionNode = FALSE
	EndGlobalSection
	GlobalSection(ExtensibilityGlobals) = postSolution
		SolutionGuid = {7273F325-3DC0-482D-9AD8-5558CF665EEE}
	EndGlobalSection
EndGlobal
